
Microsoft Visual Studio Solution File, Format Version 12.00
# Visual Studio Version 17
VisualStudioVersion = 17.6.33723.286
MinimumVisualStudioVersion = 10.0.40219.1
Project("{8BC9CEB8-8B4A-11D0-8D11-00A0C91BC942}") = "Simple dll-injector", "Simple dll-injector.vcxproj", "{59C9738D-6883-4D9A-BDA5-9163B54CBFFC}"
EndProject
Global
	GlobalSection(SolutionConfigurationPlatforms) = preSolution
		Debug|x64 = Debug|x64
		Debug|x86 = Debug|x86
		Release|x64 = Release|x64
		Release|x86 = Release|x86
	EndGlobalSection
	GlobalSection(ProjectConfigurationPlatforms) = postSolution
		{59C9738D-6883-4D9A-BDA5-9163B54CBFFC}.Debug|x64.ActiveCfg = Debug|x64
		{59C9738D-6883-4D9A-BDA5-9163B54CBFFC}.Debug|x64.Build.0 = Debug|x64
		{59C9738D-6883-4D9A-BDA5-9163B54CBFFC}.Debug|x86.ActiveCfg = Debug|Win32
		{59C9738D-6883-4D9A-BDA5-9163B54CBFFC}.Debug|x86.Build.0 = Debug|Win32
		{59C9738D-6883-4D9A-BDA5-9163B54CBFFC}.Release|x64.ActiveCfg = Release|x64
		{59C9738D-6883-4D9A-BDA5-9163B54CBFFC}.Release|x64.Build.0 = Release|x64
		{59C9738D-6883-4D9A-BDA5-9163B54CBFFC}.Release|x86.ActiveCfg = Release|Win32
		{59C9738D-6883-4D9A-BDA5-9163B54CBFFC}.Release|x86.Build.0 = Release|Win32
	EndGlobalSection
	GlobalSection(SolutionProperties) = preSolution
		HideSolutionNode = FALSE
	EndGlobalSection
	GlobalSection(ExtensibilityGlobals) = postSolution
		SolutionGuid = {3914E08D-443F-458D-8FCC-9FE2BC40BA36}
	EndGlobalSection
EndGlobal
